
Microsoft Visual Studio Solution File, Format Version 12.00
# Visual Studio Version 16
VisualStudioVersion = 16.0.31613.86
MinimumVisualStudioVersion = 10.0.40219.1
Project("{FAE04EC0-301F-11D3-BF4B-00C04F79EFBC}") = "szovegkezeles2", "szovegkezeles2\szovegkezeles2.csproj", "{74FD54E7-7EED-4B5A-98C6-2C6491FEC053}"
EndProject
Global
	GlobalSection(SolutionConfigurationPlatforms) = preSolution
		Debug|Any CPU = Debug|Any CPU
		Release|Any CPU = Release|Any CPU
	EndGlobalSection
	GlobalSection(ProjectConfigurationPlatforms) = postSolution
		{74FD54E7-7EED-4B5A-98C6-2C6491FEC053}.Debug|Any CPU.ActiveCfg = Debug|Any CPU
		{74FD54E7-7EED-4B5A-98C6-2C6491FEC053}.Debug|Any CPU.Build.0 = Debug|Any CPU
		{74FD54E7-7EED-4B5A-98C6-2C6491FEC053}.Release|Any CPU.ActiveCfg = Release|Any CPU
		{74FD54E7-7EED-4B5A-98C6-2C6491FEC053}.Release|Any CPU.Build.0 = Release|Any CPU
	EndGlobalSection
	GlobalSection(SolutionProperties) = preSolution
		HideSolutionNode = FALSE
	EndGlobalSection
	GlobalSection(ExtensibilityGlobals) = postSolution
		SolutionGuid = {2F47894B-4C28-475B-8DBE-27F355EE7712}
	EndGlobalSection
EndGlobal
